hash: f7b32cb0405f340a36249bf295980357366e3331905399dace47b55a93ea50ac
updated: 2016-11-21T17:35:57.055216838-07:00
imports:
- name: github.com/alecthomas/template
  version: a0175ee3bccc567396460bf5acd36800cb10c49c
  subpackages:
  - parse
- name: github.com/alecthomas/units
  version: 2efee857e7cfd4f3d0138cc3cbb1b4966962b93a
- name: github.com/chimera/go-inside
  version: ea596fb9b370f775677a4f076fd7eb8cb9a23cd9
- name: github.com/cswank/rex
  version: ff718331286aa736600ca86fd62f85912aa50be2
- name: github.com/cswank/xbee
  version: 274c144d847c5d2d6772bea30e18d60fb702b827
- name: go.bug.st/serial.v1
  version: 43fc80d807eea385cf4d60be922b6a2f61508340
- name: golang.org/x/sys
  version: b699b7032584f0953262cb2788a0ca19bb494703
  subpackages:
  - unix
  - windows
- name: gopkg.in/alecthomas/kingpin.v2
  version: e9044be3ab2a8e11d4e1f418d12f0790d57e8d70
testImports:
- name: github.com/onsi/ginkgo
  version: 00054c0bb96fc880d4e0be1b90937fad438c5290
  subpackages:
  - config
  - internal/codelocation
  - internal/containernode
  - internal/failer
  - internal/leafnodes
  - internal/remote
  - internal/spec
  - internal/specrunner
  - internal/suite
  - internal/testingtproxy
  - internal/writer
  - reporters
  - reporters/stenographer
  - reporters/stenographer/support/go-colorable
  - reporters/stenographer/support/go-isatty
  - types
- name: github.com/onsi/gomega
  version: f1f0f388b31eca4e2cbe7a6dd8a3a1dfddda5b1c
  subpackages:
  - format
  - internal/assertion
  - internal/asyncassertion
  - internal/oraclematcher
  - internal/testingtsupport
  - matchers
  - matchers/support/goraph/bipartitegraph
  - matchers/support/goraph/edge
  - matchers/support/goraph/node
  - matchers/support/goraph/util
  - types
- name: gopkg.in/yaml.v2
  version: a5b47d31c556af34a302ce5d659e6fea44d90de0
