hash: 1b1d1780100e450b3c24ba100615faec04e982fd56619d00bb1f999e607d84a0
updated: 2016-08-14T10:13:17.179503792-06:00
imports:
- name: github.com/alecthomas/template
  version: a0175ee3bccc567396460bf5acd36800cb10c49c
  subpackages:
  - parse
- name: github.com/alecthomas/units
  version: 2efee857e7cfd4f3d0138cc3cbb1b4966962b93a
- name: github.com/cswank/rex
  version: d994161bbe349b93a0db6377275db7ff09bdbf93
- name: gopkg.in/alecthomas/kingpin.v2
  version: e5900212cbf65b181d3d8e08308ef06a01d117cf
testImports: []
